<?xml version="1.0" encoding="utf-8"?>
<Project ToolsVersion="4.0" xmlns="http://schemas.microsoft.com/developer/msbuild/2003">
  <ItemGroup>
    <Filter Include="Source Files">
      <UniqueIdentifier>{4FC737F1-C7A5-4376-A066-2A32D752A2FF}</UniqueIdentifier>
      <Extensions>cpp;c;cc;cxx;def;odl;idl;hpj;bat;asm;asmx</Extensions>
    </Filter>
    <Filter Include="Header Files">
      <UniqueIdentifier>{93995380-89BD-4b04-88EB-625FBE52EBFB}</UniqueIdentifier>
      <Extensions>h;hh;hpp;hxx;hm;inl;inc;xsd</Extensions>
    </Filter>
    <Filter Include="Resource Files">
      <UniqueIdentifier>{D9D6E242-F8AF-46E4-B9FD-80ECBC20BA3E}</UniqueIdentifier>
      <Extensions>qrc;*</Extensions>
      <ParseFiles>false</ParseFiles>
    </Filter>
    <Filter Include="Resource Files">
      <UniqueIdentifier>{D9D6E242-F8AF-46E4-B9FD-80ECBC20BA3E}</UniqueIdentifier>
      <Extensions>qrc;*</Extensions>
      <ParseFiles>false</ParseFiles>
    </Filter>
    <Filter Include="Generated Files">
      <UniqueIdentifier>{71ED8ED8-ACB9-4CE9-BBE1-E00B30144E11}</UniqueIdentifier>
      <Extensions>moc;h;cpp</Extensions>
      <SourceControlFiles>False</SourceControlFiles>
    </Filter>
    <Filter Include="Common">
      <UniqueIdentifier>{1015ff8f-ca7f-421a-ad86-572389fc8971}</UniqueIdentifier>
    </Filter>
    <Filter Include="util">
      <UniqueIdentifier>{d6ad1824-ee1c-4d91-839f-86bf3ea044ed}</UniqueIdentifier>
    </Filter>
    <Filter Include="webcam">
      <UniqueIdentifier>{3fe0e4fb-539f-4e3d-9fc3-bbce77713e42}</UniqueIdentifier>
    </Filter>
    <Filter Include="crypto">
      <UniqueIdentifier>{b8c6b763-b1f4-456e-92c5-e7e38e08aa49}</UniqueIdentifier>
    </Filter>
    <Filter Include="util\Deleters">
      <UniqueIdentifier>{88481c14-1c73-45da-8ecc-5ff66e5a8fc0}</UniqueIdentifier>
    </Filter>
    <Filter Include="webcam\CameraFrameGrabber">
      <UniqueIdentifier>{7a80fb3c-fbd9-4ff1-a18e-b3eac6816f2b}</UniqueIdentifier>
    </Filter>
    <Filter Include="webcam\FrameConverter">
      <UniqueIdentifier>{f2618e13-8012-4878-9cb5-4b24f7744959}</UniqueIdentifier>
    </Filter>
    <Filter Include="webcam\VideoViewer">
      <UniqueIdentifier>{9b3c88c6-72da-4ea9-9b5d-f813bb5517fd}</UniqueIdentifier>
    </Filter>
    <Filter Include="Generated Files\Debug">
      <UniqueIdentifier>{3e262c9a-4e98-4148-b901-82f3cf7d1438}</UniqueIdentifier>
      <Extensions>cpp;moc</Extensions>
      <SourceControlFiles>False</SourceControlFiles>
    </Filter>
    <Filter Include="Generated Files\Release">
      <UniqueIdentifier>{f97705c9-495e-4094-b774-b4758241b278}</UniqueIdentifier>
      <Extensions>cpp;moc</Extensions>
      <SourceControlFiles>False</SourceControlFiles>
    </Filter>
  </ItemGroup>
  <ItemGroup>
    <ClCompile Include="BChatLib.cpp">
      <Filter>Source Files</Filter>
    </ClCompile>
    <ClCompile Include="crypto\cryptoapi.cpp">
      <Filter>crypto</Filter>
    </ClCompile>
    <ClCompile Include="webcam\CameraFrameGrabber\CameraFrameGrabber.cpp">
      <Filter>webcam\CameraFrameGrabber</Filter>
    </ClCompile>
    <ClCompile Include="GeneratedFiles\Debug\moc_CameraFrameGrabber.cpp">
      <Filter>Generated Files\Debug</Filter>
    </ClCompile>
    <ClCompile Include="GeneratedFiles\Release\moc_CameraFrameGrabber.cpp">
      <Filter>Generated Files\Release</Filter>
    </ClCompile>
    <ClCompile Include="webcam\FrameConverter\FrameConverter.cpp">
      <Filter>webcam\FrameConverter</Filter>
    </ClCompile>
    <ClCompile Include="GeneratedFiles\Debug\moc_FrameConverter.cpp">
      <Filter>Generated Files\Debug</Filter>
    </ClCompile>
    <ClCompile Include="GeneratedFiles\Release\moc_FrameConverter.cpp">
      <Filter>Generated Files\Release</Filter>
    </ClCompile>
    <ClCompile Include="webcam\VideoViewer\VideoViewer.cpp">
      <Filter>webcam\VideoViewer</Filter>
    </ClCompile>
    <ClCompile Include="GeneratedFiles\Debug\moc_VideoViewer.cpp">
      <Filter>Generated Files\Debug</Filter>
    </ClCompile>
    <ClCompile Include="GeneratedFiles\Release\moc_VideoViewer.cpp">
      <Filter>Generated Files\Release</Filter>
    </ClCompile>
  </ItemGroup>
  <ItemGroup>
    <ClInclude Include="BChatLib.h">
      <Filter>Header Files</Filter>
    </ClInclude>
    <ClInclude Include="crypto\cryptoapi.h">
      <Filter>crypto</Filter>
    </ClInclude>
    <ClInclude Include="crypto\WinapiSimpleDeleters.h">
      <Filter>crypto</Filter>
    </ClInclude>
    <ClInclude Include="util\Deleters\SimpleDeleter.h">
      <Filter>util\Deleters</Filter>
    </ClInclude>
    <ClInclude Include="util\Deleters\SmartPointerCreator.h">
      <Filter>util\Deleters</Filter>
    </ClInclude>
    <ClInclude Include="util\Deleters\SmartPointerDeleter.h">
      <Filter>util\Deleters</Filter>
    </ClInclude>
    <ClInclude Include="common\Exceptions.h">
      <Filter>Common</Filter>
    </ClInclude>
  </ItemGroup>
  <ItemGroup>
    <ClInclude Include="bchatlib_global.h">
      <Filter>Header Files</Filter>
    </ClInclude>
  </ItemGroup>
  <ItemGroup>
    <CustomBuild Include="webcam\CameraFrameGrabber\CameraFrameGrabber.h">
      <Filter>webcam\CameraFrameGrabber</Filter>
    </CustomBuild>
    <CustomBuild Include="webcam\FrameConverter\FrameConverter.h">
      <Filter>webcam\FrameConverter</Filter>
    </CustomBuild>
    <CustomBuild Include="webcam\VideoViewer\VideoViewer.h">
      <Filter>webcam\VideoViewer</Filter>
    </CustomBuild>
  </ItemGroup>
</Project>