
Microsoft Visual Studio Solution File, Format Version 12.00
# Visual Studio 14
VisualStudioVersion = 14.0.25420.1
MinimumVisualStudioVersion = 10.0.40219.1
Project("{8BC9CEB8-8B4A-11D0-8D11-00A0C91BC942}") = "BChat", "BChat.vcxproj", "{651EFF79-85E2-3A10-99C3-11D86618278E}"
	ProjectSection(ProjectDependencies) = postProject
		{2DEF740F-6D33-42CE-8A20-0778AE9E7531} = {2DEF740F-6D33-42CE-8A20-0778AE9E7531}
	EndProjectSection
EndProject
Project("{8BC9CEB8-8B4A-11D0-8D11-00A0C91BC942}") = "BChatLib", "BChatLib\BChatLib.vcxproj", "{2DEF740F-6D33-42CE-8A20-0778AE9E7531}"
EndProject
Global
	GlobalSection(SolutionConfigurationPlatforms) = preSolution
		Debug|x86 = Debug|x86
		Release|x86 = Release|x86
	EndGlobalSection
	GlobalSection(ProjectConfigurationPlatforms) = postSolution
		{651EFF79-85E2-3A10-99C3-11D86618278E}.Debug|x86.ActiveCfg = Debug|Win32
		{651EFF79-85E2-3A10-99C3-11D86618278E}.Debug|x86.Build.0 = Debug|Win32
		{651EFF79-85E2-3A10-99C3-11D86618278E}.Release|x86.ActiveCfg = Release|Win32
		{651EFF79-85E2-3A10-99C3-11D86618278E}.Release|x86.Build.0 = Release|Win32
		{2DEF740F-6D33-42CE-8A20-0778AE9E7531}.Debug|x86.ActiveCfg = Debug|Win32
		{2DEF740F-6D33-42CE-8A20-0778AE9E7531}.Debug|x86.Build.0 = Debug|Win32
		{2DEF740F-6D33-42CE-8A20-0778AE9E7531}.Release|x86.ActiveCfg = Release|Win32
		{2DEF740F-6D33-42CE-8A20-0778AE9E7531}.Release|x86.Build.0 = Release|Win32
	EndGlobalSection
	GlobalSection(SolutionProperties) = preSolution
		HideSolutionNode = FALSE
	EndGlobalSection
EndGlobal
